
Microsoft Visual Studio Solution File, Format Version 12.00
# Visual Studio Version 17
VisualStudioVersion = 17.8.34330.188
MinimumVisualStudioVersion = 10.0.40219.1
Project("{9A19103F-16F7-4668-BE54-9A1E7A4F7556}") = "DBfirst", "DBfirst\DBfirst.csproj", "{48ADAF6F-9B3D-4E92-B3D7-D042E1F5A972}"
EndProject
Project("{FAE04EC0-301F-11D3-BF4B-00C04F79EFBC}") = "FontEnd", "FontEnd\FontEnd.csproj", "{FADF9176-B071-4350-9446-981196DA145C}"
EndProject
Global
	GlobalSection(SolutionConfigurationPlatforms) = preSolution
		Debug|Any CPU = Debug|Any CPU
		Release|Any CPU = Release|Any CPU
	EndGlobalSection
	GlobalSection(ProjectConfigurationPlatforms) = postSolution
		{48ADAF6F-9B3D-4E92-B3D7-D042E1F5A972}.Debug|Any CPU.ActiveCfg = Debug|Any CPU
		{48ADAF6F-9B3D-4E92-B3D7-D042E1F5A972}.Debug|Any CPU.Build.0 = Debug|Any CPU
		{48ADAF6F-9B3D-4E92-B3D7-D042E1F5A972}.Release|Any CPU.ActiveCfg = Release|Any CPU
		{48ADAF6F-9B3D-4E92-B3D7-D042E1F5A972}.Release|Any CPU.Build.0 = Release|Any CPU
		{FADF9176-B071-4350-9446-981196DA145C}.Debug|Any CPU.ActiveCfg = Debug|Any CPU
		{FADF9176-B071-4350-9446-981196DA145C}.Debug|Any CPU.Build.0 = Debug|Any CPU
		{FADF9176-B071-4350-9446-981196DA145C}.Release|Any CPU.ActiveCfg = Release|Any CPU
		{FADF9176-B071-4350-9446-981196DA145C}.Release|Any CPU.Build.0 = Release|Any CPU
	EndGlobalSection
	GlobalSection(SolutionProperties) = preSolution
		HideSolutionNode = FALSE
	EndGlobalSection
	GlobalSection(ExtensibilityGlobals) = postSolution
		SolutionGuid = {E5560F61-81BA-4F91-A973-2308071E015D}
	EndGlobalSection
EndGlobal
