
Microsoft Visual Studio Solution File, Format Version 12.00
# Visual Studio Version 17
VisualStudioVersion = 17.8.34330.188
MinimumVisualStudioVersion = 10.0.40219.1
Project("{9A19103F-16F7-4668-BE54-9A1E7A4F7556}") = "DBfirst", "DBfirst\DBfirst.csproj", "{48ADAF6F-9B3D-4E92-B3D7-D042E1F5A972}"
EndProject
Project("{9A19103F-16F7-4668-BE54-9A1E7A4F7556}") = "Front_end", "Front_end\Front_end.csproj", "{92FE4E3B-3FBE-46CF-B9BB-A0AF8CD042FD}"
EndProject
Global
	GlobalSection(SolutionConfigurationPlatforms) = preSolution
		Debug|Any CPU = Debug|Any CPU
		Release|Any CPU = Release|Any CPU
	EndGlobalSection
	GlobalSection(ProjectConfigurationPlatforms) = postSolution
		{48ADAF6F-9B3D-4E92-B3D7-D042E1F5A972}.Debug|Any CPU.ActiveCfg = Debug|Any CPU
		{48ADAF6F-9B3D-4E92-B3D7-D042E1F5A972}.Debug|Any CPU.Build.0 = Debug|Any CPU
		{48ADAF6F-9B3D-4E92-B3D7-D042E1F5A972}.Release|Any CPU.ActiveCfg = Release|Any CPU
		{48ADAF6F-9B3D-4E92-B3D7-D042E1F5A972}.Release|Any CPU.Build.0 = Release|Any CPU
		{92FE4E3B-3FBE-46CF-B9BB-A0AF8CD042FD}.Debug|Any CPU.ActiveCfg = Debug|Any CPU
		{92FE4E3B-3FBE-46CF-B9BB-A0AF8CD042FD}.Debug|Any CPU.Build.0 = Debug|Any CPU
		{92FE4E3B-3FBE-46CF-B9BB-A0AF8CD042FD}.Release|Any CPU.ActiveCfg = Release|Any CPU
		{92FE4E3B-3FBE-46CF-B9BB-A0AF8CD042FD}.Release|Any CPU.Build.0 = Release|Any CPU
	EndGlobalSection
	GlobalSection(SolutionProperties) = preSolution
		HideSolutionNode = FALSE
	EndGlobalSection
	GlobalSection(ExtensibilityGlobals) = postSolution
		SolutionGuid = {E5560F61-81BA-4F91-A973-2308071E015D}
	EndGlobalSection
EndGlobal
